// !$*UTF8*$!
{
	archiveVersion = 1;
	classes = {
	};
	objectVersion = 55;
	objects = {

/* Begin PBXBuildFile section */
		CE2A21D6281FE1390092B85F /* WyyKToDoApp.swift in Sources */ = {isa = PBXBuildFile; fileRef = CE2A21D5281FE1390092B85F /* WyyKToDoApp.swift */; };
		CE2A21D8281FE1390092B85F /* ContentView.swift in Sources */ = {isa = PBXBuildFile; fileRef = CE2A21D7281FE1390092B85F /* ContentView.swift */; };
		CE2A21DA281FE1410092B85F /* Assets.xcassets in Resources */ = {isa = PBXBuildFile; fileRef = CE2A21D9281FE1410092B85F /* Assets.xcassets */; };
		CE2A21DD281FE1410092B85F /* Preview Assets.xcassets in Resources */ = {isa = PBXBuildFile; fileRef = CE2A21DC281FE1410092B85F /* Preview Assets.xcassets */; };
		CE2A21DF281FE1410092B85F /* Persistence.swift in Sources */ = {isa = PBXBuildFile; fileRef = CE2A21DE281FE1410092B85F /* Persistence.swift */; };
		CE2A21E2281FE1410092B85F /* WyyKToDo.xcdatamodeld in Sources */ = {isa = PBXBuildFile; fileRef = CE2A21E0281FE1410092B85F /* WyyKToDo.xcdatamodeld */; };
		CE2A21EC281FE1410092B85F /* WyyKToDoTests.swift in Sources */ = {isa = PBXBuildFile; fileRef = CE2A21EB281FE1410092B85F /* WyyKToDoTests.swift */; };
		CE2A21F6281FE1410092B85F /* WyyKToDoUITests.swift in Sources */ = {isa = PBXBuildFile; fileRef = CE2A21F5281FE1410092B85F /* WyyKToDoUITests.swift */; };
		CE2A21F8281FE1410092B85F /* WyyKToDoUITestsLaunchTests.swift in Sources */ = {isa = PBXBuildFile; fileRef = CE2A21F7281FE1410092B85F /* WyyKToDoUITestsLaunchTests.swift */; };
		CE2A2207281FF0CE0092B85F /* sound-rise.mp3 in Resources */ = {isa = PBXBuildFile; fileRef = CE2A2204281FF0CD0092B85F /* sound-rise.mp3 */; };
		CE2A2208281FF0CE0092B85F /* sound-ding.mp3 in Resources */ = {isa = PBXBuildFile; fileRef = CE2A2205281FF0CE0092B85F /* sound-ding.mp3 */; };
		CE2A2209281FF0CE0092B85F /* sound-tap.mp3 in Resources */ = {isa = PBXBuildFile; fileRef = CE2A2206281FF0CE0092B85F /* sound-tap.mp3 */; };
/* End PBXBuildFile section */

/* Begin PBXContainerItemProxy section */
		CE2A21E8281FE1410092B85F /* PBXContainerItemProxy */ = {
			isa = PBXContainerItemProxy;
			containerPortal = CE2A21CA281FE1390092B85F /* Project object */;
			proxyType = 1;
			remoteGlobalIDString = CE2A21D1281FE1390092B85F;
			remoteInfo = WyyKToDo;
		};
		CE2A21F2281FE1410092B85F /* PBXContainerItemProxy */ = {
			isa = PBXContainerItemProxy;
			containerPortal = CE2A21CA281FE1390092B85F /* Project object */;
			proxyType = 1;
			remoteGlobalIDString = CE2A21D1281FE1390092B85F;
			remoteInfo = WyyKToDo;
		};
/* End PBXContainerItemProxy section */

/* Begin PBXFileReference section */
		CE2A21D2281FE1390092B85F /* WyyKToDo.app */ = {isa = PBXFileReference; explicitFileType = wrapper.application; includeInIndex = 0; path = WyyKToDo.app; sourceTree = BUILT_PRODUCTS_DIR; };
		CE2A21D5281FE1390092B85F /* WyyKToDoApp.swift */ = {isa = PBXFileReference; lastKnownFileType = sourcecode.swift; path = WyyKToDoApp.swift; sourceTree = "<group>"; };
		CE2A21D7281FE1390092B85F /* ContentView.swift */ = {isa = PBXFileReference; lastKnownFileType = sourcecode.swift; path = ContentView.swift; sourceTree = "<group>"; };
		CE2A21D9281FE1410092B85F /* Assets.xcassets */ = {isa = PBXFileReference; lastKnownFileType = folder.assetcatalog; path = Assets.xcassets; sourceTree = "<group>"; };
		CE2A21DC281FE1410092B85F /* Preview Assets.xcassets */ = {isa = PBXFileReference; lastKnownFileType = folder.assetcatalog; path = "Preview Assets.xcassets"; sourceTree = "<group>"; };
		CE2A21DE281FE1410092B85F /* Persistence.swift */ = {isa = PBXFileReference; lastKnownFileType = sourcecode.swift; path = Persistence.swift; sourceTree = "<group>"; };
		CE2A21E1281FE1410092B85F /* WyyKToDo.xcdatamodel */ = {isa = PBXFileReference; lastKnownFileType = wrapper.xcdatamodel; path = WyyKToDo.xcdatamodel; sourceTree = "<group>"; };
		CE2A21E7281FE1410092B85F /* WyyKToDoTests.xctest */ = {isa = PBXFileReference; explicitFileType = wrapper.cfbundle; includeInIndex = 0; path = WyyKToDoTests.xctest; sourceTree = BUILT_PRODUCTS_DIR; };
		CE2A21EB281FE1410092B85F /* WyyKToDoTests.swift */ = {isa = PBXFileReference; lastKnownFileType = sourcecode.swift; path = WyyKToDoTests.swift; sourceTree = "<group>"; };
		CE2A21F1281FE1410092B85F /* WyyKToDoUITests.xctest */ = {isa = PBXFileReference; explicitFileType = wrapper.cfbundle; includeInIndex = 0; path = WyyKToDoUITests.xctest; sourceTree = BUILT_PRODUCTS_DIR; };
		CE2A21F5281FE1410092B85F /* WyyKToDoUITests.swift */ = {isa = PBXFileReference; lastKnownFileType = sourcecode.swift; path = WyyKToDoUITests.swift; sourceTree = "<group>"; };
		CE2A21F7281FE1410092B85F /* WyyKToDoUITestsLaunchTests.swift */ = {isa = PBXFileReference; lastKnownFileType = sourcecode.swift; path = WyyKToDoUITestsLaunchTests.swift; sourceTree = "<group>"; };
		CE2A2204281FF0CD0092B85F /* sound-rise.mp3 */ = {isa = PBXFileReference; lastKnownFileType = audio.mp3; path = "sound-rise.mp3"; sourceTree = "<group>"; };
		CE2A2205281FF0CE0092B85F /* sound-ding.mp3 */ = {isa = PBXFileReference; lastKnownFileType = audio.mp3; path = "sound-ding.mp3"; sourceTree = "<group>"; };
		CE2A2206281FF0CE0092B85F /* sound-tap.mp3 */ = {isa = PBXFileReference; lastKnownFileType = audio.mp3; path = "sound-tap.mp3"; sourceTree = "<group>"; };
		CE2A2212281FF1DB0092B85F /* Info.plist */ = {isa = PBXFileReference; lastKnownFileType = text.plist; path = Info.plist; sourceTree = "<group>"; };
/* End PBXFileReference section */

/* Begin PBXFrameworksBuildPhase section */
		CE2A21CF281FE1390092B85F /* Frameworks */ = {
			isa = PBXFrameworksBuildPhase;
			buildActionMask = 2147483647;
			files = (
			);
			runOnlyForDeploymentPostprocessing = 0;
		};
		CE2A21E4281FE1410092B85F /* Frameworks */ = {
			isa = PBXFrameworksBuildPhase;
			buildActionMask = 2147483647;
			files = (
			);
			runOnlyForDeploymentPostprocessing = 0;
		};
		CE2A21EE281FE1410092B85F /* Frameworks */ = {
			isa = PBXFrameworksBuildPhase;
			buildActionMask = 2147483647;
			files = (
			);
			runOnlyForDeploymentPostprocessing = 0;
		};
/* End PBXFrameworksBuildPhase section */

/* Begin PBXGroup section */
		CE2A21C9281FE1390092B85F = {
			isa = PBXGroup;
			children = (
				CE2A21D4281FE1390092B85F /* WyyKToDo */,
				CE2A21EA281FE1410092B85F /* WyyKToDoTests */,
				CE2A21F4281FE1410092B85F /* WyyKToDoUITests */,
				CE2A21D3281FE1390092B85F /* Products */,
			);
			sourceTree = "<group>";
		};
		CE2A21D3281FE1390092B85F /* Products */ = {
			isa = PBXGroup;
			children = (
				CE2A21D2281FE1390092B85F /* WyyKToDo.app */,
				CE2A21E7281FE1410092B85F /* WyyKToDoTests.xctest */,
				CE2A21F1281FE1410092B85F /* WyyKToDoUITests.xctest */,
			);
			name = Products;
			sourceTree = "<group>";
		};
		CE2A21D4281FE1390092B85F /* WyyKToDo */ = {
			isa = PBXGroup;
			children = (
				CE2A2212281FF1DB0092B85F /* Info.plist */,
				CE2A220F281FF1250092B85F /* App */,
				CE2A2210281FF1320092B85F /* View */,
				CE2A220E281FF1160092B85F /* Utility */,
				CE2A2211281FF16F0092B85F /* Model */,
				CE2A220D281FF0FD0092B85F /* Style */,
				CE2A220C281FF0F50092B85F /* Extension */,
				CE2A220B281FF0E70092B85F /* Sound */,
				CE2A21D9281FE1410092B85F /* Assets.xcassets */,
				CE2A21DB281FE1410092B85F /* Preview Content */,
			);
			path = WyyKToDo;
			sourceTree = "<group>";
		};
		CE2A21DB281FE1410092B85F /* Preview Content */ = {
			isa = PBXGroup;
			children = (
				CE2A21DC281FE1410092B85F /* Preview Assets.xcassets */,
			);
			path = "Preview Content";
			sourceTree = "<group>";
		};
		CE2A21EA281FE1410092B85F /* WyyKToDoTests */ = {
			isa = PBXGroup;
			children = (
				CE2A21EB281FE1410092B85F /* WyyKToDoTests.swift */,
			);
			path = WyyKToDoTests;
			sourceTree = "<group>";
		};
		CE2A21F4281FE1410092B85F /* WyyKToDoUITests */ = {
			isa = PBXGroup;
			children = (
				CE2A21F5281FE1410092B85F /* WyyKToDoUITests.swift */,
				CE2A21F7281FE1410092B85F /* WyyKToDoUITestsLaunchTests.swift */,
			);
			path = WyyKToDoUITests;
			sourceTree = "<group>";
		};
		CE2A220B281FF0E70092B85F /* Sound */ = {
			isa = PBXGroup;
			children = (
				CE2A2205281FF0CE0092B85F /* sound-ding.mp3 */,
				CE2A2204281FF0CD0092B85F /* sound-rise.mp3 */,
				CE2A2206281FF0CE0092B85F /* sound-tap.mp3 */,
			);
			path = Sound;
			sourceTree = "<group>";
		};
		CE2A220C281FF0F50092B85F /* Extension */ = {
			isa = PBXGroup;
			children = (
			);
			path = Extension;
			sourceTree = "<group>";
		};
		CE2A220D281FF0FD0092B85F /* Style */ = {
			isa = PBXGroup;
			children = (
			);
			path = Style;
			sourceTree = "<group>";
		};
		CE2A220E281FF1160092B85F /* Utility */ = {
			isa = PBXGroup;
			children = (
			);
			path = Utility;
			sourceTree = "<group>";
		};
		CE2A220F281FF1250092B85F /* App */ = {
			isa = PBXGroup;
			children = (
				CE2A21D5281FE1390092B85F /* WyyKToDoApp.swift */,
			);
			path = App;
			sourceTree = "<group>";
		};
		CE2A2210281FF1320092B85F /* View */ = {
			isa = PBXGroup;
			children = (
				CE2A21D7281FE1390092B85F /* ContentView.swift */,
			);
			path = View;
			sourceTree = "<group>";
		};
		CE2A2211281FF16F0092B85F /* Model */ = {
			isa = PBXGroup;
			children = (
				CE2A21DE281FE1410092B85F /* Persistence.swift */,
				CE2A21E0281FE1410092B85F /* WyyKToDo.xcdatamodeld */,
			);
			path = Model;
			sourceTree = "<group>";
		};
/* End PBXGroup section */

/* Begin PBXNativeTarget section */
		CE2A21D1281FE1390092B85F /* WyyKToDo */ = {
			isa = PBXNativeTarget;
			buildConfigurationList = CE2A21FB281FE1410092B85F /* Build configuration list for PBXNativeTarget "WyyKToDo" */;
			buildPhases = (
				CE2A21CE281FE1390092B85F /* Sources */,
				CE2A21CF281FE1390092B85F /* Frameworks */,
				CE2A21D0281FE1390092B85F /* Resources */,
			);
			buildRules = (
			);
			dependencies = (
			);
			name = WyyKToDo;
			productName = WyyKToDo;
			productReference = CE2A21D2281FE1390092B85F /* WyyKToDo.app */;
			productType = "com.apple.product-type.application";
		};
		CE2A21E6281FE1410092B85F /* WyyKToDoTests */ = {
			isa = PBXNativeTarget;
			buildConfigurationList = CE2A21FE281FE1410092B85F /* Build configuration list for PBXNativeTarget "WyyKToDoTests" */;
			buildPhases = (
				CE2A21E3281FE1410092B85F /* Sources */,
				CE2A21E4281FE1410092B85F /* Frameworks */,
				CE2A21E5281FE1410092B85F /* Resources */,
			);
			buildRules = (
			);
			dependencies = (
				CE2A21E9281FE1410092B85F /* PBXTargetDependency */,
			);
			name = WyyKToDoTests;
			productName = WyyKToDoTests;
			productReference = CE2A21E7281FE1410092B85F /* WyyKToDoTests.xctest */;
			productType = "com.apple.product-type.bundle.unit-test";
		};
		CE2A21F0281FE1410092B85F /* WyyKToDoUITests */ = {
			isa = PBXNativeTarget;
			buildConfigurationList = CE2A2201281FE1410092B85F /* Build configuration list for PBXNativeTarget "WyyKToDoUITests" */;
			buildPhases = (
				CE2A21ED281FE1410092B85F /* Sources */,
				CE2A21EE281FE1410092B85F /* Frameworks */,
				CE2A21EF281FE1410092B85F /* Resources */,
			);
			buildRules = (
			);
			dependencies = (
				CE2A21F3281FE1410092B85F /* PBXTargetDependency */,
			);
			name = WyyKToDoUITests;
			productName = WyyKToDoUITests;
			productReference = CE2A21F1281FE1410092B85F /* WyyKToDoUITests.xctest */;
			productType = "com.apple.product-type.bundle.ui-testing";
		};
/* End PBXNativeTarget section */

/* Begin PBXProject section */
		CE2A21CA281FE1390092B85F /* Project object */ = {
			isa = PBXProject;
			attributes = {
				BuildIndependentTargetsInParallel = 1;
				LastSwiftUpdateCheck = 1330;
				LastUpgradeCheck = 1330;
				TargetAttributes = {
					CE2A21D1281FE1390092B85F = {
						CreatedOnToolsVersion = 13.3;
					};
					CE2A21E6281FE1410092B85F = {
						CreatedOnToolsVersion = 13.3;
						TestTargetID = CE2A21D1281FE1390092B85F;
					};
					CE2A21F0281FE1410092B85F = {
						CreatedOnToolsVersion = 13.3;
						TestTargetID = CE2A21D1281FE1390092B85F;
					};
				};
			};
			buildConfigurationList = CE2A21CD281FE1390092B85F /* Build configuration list for PBXProject "WyyKToDo" */;
			compatibilityVersion = "Xcode 13.0";
			developmentRegion = en;
			hasScannedForEncodings = 0;
			knownRegions = (
				en,
				Base,
			);
			mainGroup = CE2A21C9281FE1390092B85F;
			productRefGroup = CE2A21D3281FE1390092B85F /* Products */;
			projectDirPath = "";
			projectRoot = "";
			targets = (
				CE2A21D1281FE1390092B85F /* WyyKToDo */,
				CE2A21E6281FE1410092B85F /* WyyKToDoTests */,
				CE2A21F0281FE1410092B85F /* WyyKToDoUITests */,
			);
		};
/* End PBXProject section */

/* Begin PBXResourcesBuildPhase section */
		CE2A21D0281FE1390092B85F /* Resources */ = {
			isa = PBXResourcesBuildPhase;
			buildActionMask = 2147483647;
			files = (
				CE2A2208281FF0CE0092B85F /* sound-ding.mp3 in Resources */,
				CE2A2207281FF0CE0092B85F /* sound-rise.mp3 in Resources */,
				CE2A21DD281FE1410092B85F /* Preview Assets.xcassets in Resources */,
				CE2A2209281FF0CE0092B85F /* sound-tap.mp3 in Resources */,
				CE2A21DA281FE1410092B85F /* Assets.xcassets in Resources */,
			);
			runOnlyForDeploymentPostprocessing = 0;
		};
		CE2A21E5281FE1410092B85F /* Resources */ = {
			isa = PBXResourcesBuildPhase;
			buildActionMask = 2147483647;
			files = (
			);
			runOnlyForDeploymentPostprocessing = 0;
		};
		CE2A21EF281FE1410092B85F /* Resources */ = {
			isa = PBXResourcesBuildPhase;
			buildActionMask = 2147483647;
			files = (
			);
			runOnlyForDeploymentPostprocessing = 0;
		};
/* End PBXResourcesBuildPhase section */

/* Begin PBXSourcesBuildPhase section */
		CE2A21CE281FE1390092B85F /* Sources */ = {
			isa = PBXSourcesBuildPhase;
			buildActionMask = 2147483647;
			files = (
				CE2A21DF281FE1410092B85F /* Persistence.swift in Sources */,
				CE2A21D8281FE1390092B85F /* ContentView.swift in Sources */,
				CE2A21D6281FE1390092B85F /* WyyKToDoApp.swift in Sources */,
				CE2A21E2281FE1410092B85F /* WyyKToDo.xcdatamodeld in Sources */,
			);
			runOnlyForDeploymentPostprocessing = 0;
		};
		CE2A21E3281FE1410092B85F /* Sources */ = {
			isa = PBXSourcesBuildPhase;
			buildActionMask = 2147483647;
			files = (
				CE2A21EC281FE1410092B85F /* WyyKToDoTests.swift in Sources */,
			);
			runOnlyForDeploymentPostprocessing = 0;
		};
		CE2A21ED281FE1410092B85F /* Sources */ = {
			isa = PBXSourcesBuildPhase;
			buildActionMask = 2147483647;
			files = (
				CE2A21F8281FE1410092B85F /* WyyKToDoUITestsLaunchTests.swift in Sources */,
				CE2A21F6281FE1410092B85F /* WyyKToDoUITests.swift in Sources */,
			);
			runOnlyForDeploymentPostprocessing = 0;
		};
/* End PBXSourcesBuildPhase section */

/* Begin PBXTargetDependency section */
		CE2A21E9281FE1410092B85F /* PBXTargetDependency */ = {
			isa = PBXTargetDependency;
			target = CE2A21D1281FE1390092B85F /* WyyKToDo */;
			targetProxy = CE2A21E8281FE1410092B85F /* PBXContainerItemProxy */;
		};
		CE2A21F3281FE1410092B85F /* PBXTargetDependency */ = {
			isa = PBXTargetDependency;
			target = CE2A21D1281FE1390092B85F /* WyyKToDo */;
			targetProxy = CE2A21F2281FE1410092B85F /* PBXContainerItemProxy */;
		};
/* End PBXTargetDependency section */

/* Begin XCBuildConfiguration section */
		CE2A21F9281FE1410092B85F /* Debug */ = {
			isa = XCBuildConfiguration;
			buildSettings = {
				ALWAYS_SEARCH_USER_PATHS = NO;
				CLANG_ANALYZER_NONNULL = YES;
				CLANG_ANALYZER_NUMBER_OBJECT_CONVERSION = YES_AGGRESSIVE;
				CLANG_CXX_LANGUAGE_STANDARD = "gnu++17";
				CLANG_ENABLE_MODULES = YES;
				CLANG_ENABLE_OBJC_ARC = YES;
				CLANG_ENABLE_OBJC_WEAK = YES;
				CLANG_WARN_BLOCK_CAPTURE_AUTORELEASING = YES;
				CLANG_WARN_BOOL_CONVERSION = YES;
				CLANG_WARN_COMMA = YES;
				CLANG_WARN_CONSTANT_CONVERSION = YES;
				CLANG_WARN_DEPRECATED_OBJC_IMPLEMENTATIONS = YES;
				CLANG_WARN_DIRECT_OBJC_ISA_USAGE = YES_ERROR;
				CLANG_WARN_DOCUMENTATION_COMMENTS = YES;
				CLANG_WARN_EMPTY_BODY = YES;
				CLANG_WARN_ENUM_CONVERSION = YES;
				CLANG_WARN_INFINITE_RECURSION = YES;
				CLANG_WARN_INT_CONVERSION = YES;
				CLANG_WARN_NON_LITERAL_NULL_CONVERSION = YES;
				CLANG_WARN_OBJC_IMPLICIT_RETAIN_SELF = YES;
				CLANG_WARN_OBJC_LITERAL_CONVERSION = YES;
				CLANG_WARN_OBJC_ROOT_CLASS = YES_ERROR;
				CLANG_WARN_QUOTED_INCLUDE_IN_FRAMEWORK_HEADER = YES;
				CLANG_WARN_RANGE_LOOP_ANALYSIS = YES;
				CLANG_WARN_STRICT_PROTOTYPES = YES;
				CLANG_WARN_SUSPICIOUS_MOVE = YES;
				CLANG_WARN_UNGUARDED_AVAILABILITY = YES_AGGRESSIVE;
				CLANG_WARN_UNREACHABLE_CODE = YES;
				CLANG_WARN__DUPLICATE_METHOD_MATCH = YES;
				COPY_PHASE_STRIP = NO;
				DEBUG_INFORMATION_FORMAT = dwarf;
				ENABLE_STRICT_OBJC_MSGSEND = YES;
				ENABLE_TESTABILITY = YES;
				GCC_C_LANGUAGE_STANDARD = gnu11;
				GCC_DYNAMIC_NO_PIC = NO;
				GCC_NO_COMMON_BLOCKS = YES;
				GCC_OPTIMIZATION_LEVEL = 0;
				GCC_PREPROCESSOR_DEFINITIONS = (
					"DEBUG=1",
					"$(inherited)",
				);
				GCC_WARN_64_TO_32_BIT_CONVERSION = YES;
				GCC_WARN_ABOUT_RETURN_TYPE = YES_ERROR;
				GCC_WARN_UNDECLARED_SELECTOR = YES;
				GCC_WARN_UNINITIALIZED_AUTOS = YES_AGGRESSIVE;
				GCC_WARN_UNUSED_FUNCTION = YES;
				GCC_WARN_UNUSED_VARIABLE = YES;
				IPHONEOS_DEPLOYMENT_TARGET = 15.4;
				MTL_ENABLE_DEBUG_INFO = INCLUDE_SOURCE;
				MTL_FAST_MATH = YES;
				ONLY_ACTIVE_ARCH = YES;
				SDKROOT = iphoneos;
				SWIFT_ACTIVE_COMPILATION_CONDITIONS = DEBUG;
				SWIFT_OPTIMIZATION_LEVEL = "-Onone";
			};
			name = Debug;
		};
		CE2A21FA281FE1410092B85F /* Release */ = {
			isa = XCBuildConfiguration;
			buildSettings = {
				ALWAYS_SEARCH_USER_PATHS = NO;
				CLANG_ANALYZER_NONNULL = YES;
				CLANG_ANALYZER_NUMBER_OBJECT_CONVERSION = YES_AGGRESSIVE;
				CLANG_CXX_LANGUAGE_STANDARD = "gnu++17";
				CLANG_ENABLE_MODULES = YES;
				CLANG_ENABLE_OBJC_ARC = YES;
				CLANG_ENABLE_OBJC_WEAK = YES;
				CLANG_WARN_BLOCK_CAPTURE_AUTORELEASING = YES;
				CLANG_WARN_BOOL_CONVERSION = YES;
				CLANG_WARN_COMMA = YES;
				CLANG_WARN_CONSTANT_CONVERSION = YES;
				CLANG_WARN_DEPRECATED_OBJC_IMPLEMENTATIONS = YES;
				CLANG_WARN_DIRECT_OBJC_ISA_USAGE = YES_ERROR;
				CLANG_WARN_DOCUMENTATION_COMMENTS = YES;
				CLANG_WARN_EMPTY_BODY = YES;
				CLANG_WARN_ENUM_CONVERSION = YES;
				CLANG_WARN_INFINITE_RECURSION = YES;
				CLANG_WARN_INT_CONVERSION = YES;
				CLANG_WARN_NON_LITERAL_NULL_CONVERSION = YES;
				CLANG_WARN_OBJC_IMPLICIT_RETAIN_SELF = YES;
				CLANG_WARN_OBJC_LITERAL_CONVERSION = YES;
				CLANG_WARN_OBJC_ROOT_CLASS = YES_ERROR;
				CLANG_WARN_QUOTED_INCLUDE_IN_FRAMEWORK_HEADER = YES;
				CLANG_WARN_RANGE_LOOP_ANALYSIS = YES;
				CLANG_WARN_STRICT_PROTOTYPES = YES;
				CLANG_WARN_SUSPICIOUS_MOVE = YES;
				CLANG_WARN_UNGUARDED_AVAILABILITY = YES_AGGRESSIVE;
				CLANG_WARN_UNREACHABLE_CODE = YES;
				CLANG_WARN__DUPLICATE_METHOD_MATCH = YES;
				COPY_PHASE_STRIP = NO;
				DEBUG_INFORMATION_FORMAT = "dwarf-with-dsym";
				ENABLE_NS_ASSERTIONS = NO;
				ENABLE_STRICT_OBJC_MSGSEND = YES;
				GCC_C_LANGUAGE_STANDARD = gnu11;
				GCC_NO_COMMON_BLOCKS = YES;
				GCC_WARN_64_TO_32_BIT_CONVERSION = YES;
				GCC_WARN_ABOUT_RETURN_TYPE = YES_ERROR;
				GCC_WARN_UNDECLARED_SELECTOR = YES;
				GCC_WARN_UNINITIALIZED_AUTOS = YES_AGGRESSIVE;
				GCC_WARN_UNUSED_FUNCTION = YES;
				GCC_WARN_UNUSED_VARIABLE = YES;
				IPHONEOS_DEPLOYMENT_TARGET = 15.4;
				MTL_ENABLE_DEBUG_INFO = NO;
				MTL_FAST_MATH = YES;
				SDKROOT = iphoneos;
				SWIFT_COMPILATION_MODE = wholemodule;
				SWIFT_OPTIMIZATION_LEVEL = "-O";
				VALIDATE_PRODUCT = YES;
			};
			name = Release;
		};
		CE2A21FC281FE1410092B85F /* Debug */ = {
			isa = XCBuildConfiguration;
			buildSettings = {
				ASSETCATALOG_COMPILER_APPICON_NAME = AppIcon;
				ASSETCATALOG_COMPILER_GLOBAL_ACCENT_COLOR_NAME = AccentColor;
				CODE_SIGN_STYLE = Automatic;
				CURRENT_PROJECT_VERSION = 1;
				DEVELOPMENT_ASSET_PATHS = "\"WyyKToDo/Preview Content\"";
				DEVELOPMENT_TEAM = J69KB9AJDV;
				ENABLE_PREVIEWS = YES;
				GENERATE_INFOPLIST_FILE = YES;
				INFOPLIST_FILE = WyyKToDo/Info.plist;
				INFOPLIST_KEY_UIApplicationSceneManifest_Generation = YES;
				INFOPLIST_KEY_UIApplicationSupportsIndirectInputEvents = YES;
				INFOPLIST_KEY_UISupportedInterfaceOrientations = UIInterfaceOrientationPortrait;
				INFOPLIST_KEY_UISupportedInterfaceOrientations_iPad = "UIInterfaceOrientationPortrait UIInterfaceOrientationPortraitUpsideDown UIInterfaceOrientationLandscapeLeft UIInterfaceOrientationLandscapeRight";
				INFOPLIST_KEY_UISupportedInterfaceOrientations_iPhone = "UIInterfaceOrientationPortrait UIInterfaceOrientationLandscapeLeft UIInterfaceOrientationLandscapeRight";
				LD_RUNPATH_SEARCH_PATHS = (
					"$(inherited)",
					"@executable_path/Frameworks",
				);
				MARKETING_VERSION = 1.0;
				PRODUCT_BUNDLE_IDENTIFIER = com.wyyksoftsinc.WyyKToDo;
				PRODUCT_NAME = "$(TARGET_NAME)";
				SWIFT_EMIT_LOC_STRINGS = YES;
				SWIFT_VERSION = 5.0;
				TARGETED_DEVICE_FAMILY = "1,2";
			};
			name = Debug;
		};
		CE2A21FD281FE1410092B85F /* Release */ = {
			isa = XCBuildConfiguration;
			buildSettings = {
				ASSETCATALOG_COMPILER_APPICON_NAME = AppIcon;
				ASSETCATALOG_COMPILER_GLOBAL_ACCENT_COLOR_NAME = AccentColor;
				CODE_SIGN_STYLE = Automatic;
				CURRENT_PROJECT_VERSION = 1;
				DEVELOPMENT_ASSET_PATHS = "\"WyyKToDo/Preview Content\"";
				DEVELOPMENT_TEAM = J69KB9AJDV;
				ENABLE_PREVIEWS = YES;
				GENERATE_INFOPLIST_FILE = YES;
				INFOPLIST_FILE = WyyKToDo/Info.plist;
				INFOPLIST_KEY_UIApplicationSceneManifest_Generation = YES;
				INFOPLIST_KEY_UIApplicationSupportsIndirectInputEvents = YES;
				INFOPLIST_KEY_UISupportedInterfaceOrientations = UIInterfaceOrientationPortrait;
				INFOPLIST_KEY_UISupportedInterfaceOrientations_iPad = "UIInterfaceOrientationPortrait UIInterfaceOrientationPortraitUpsideDown UIInterfaceOrientationLandscapeLeft UIInterfaceOrientationLandscapeRight";
				INFOPLIST_KEY_UISupportedInterfaceOrientations_iPhone = "UIInterfaceOrientationPortrait UIInterfaceOrientationLandscapeLeft UIInterfaceOrientationLandscapeRight";
				LD_RUNPATH_SEARCH_PATHS = (
					"$(inherited)",
					"@executable_path/Frameworks",
				);
				MARKETING_VERSION = 1.0;
				PRODUCT_BUNDLE_IDENTIFIER = com.wyyksoftsinc.WyyKToDo;
				PRODUCT_NAME = "$(TARGET_NAME)";
				SWIFT_EMIT_LOC_STRINGS = YES;
				SWIFT_VERSION = 5.0;
				TARGETED_DEVICE_FAMILY = "1,2";
			};
			name = Release;
		};
		CE2A21FF281FE1410092B85F /* Debug */ = {
			isa = XCBuildConfiguration;
			buildSettings = {
				ALWAYS_EMBED_SWIFT_STANDARD_LIBRARIES = YES;
				BUNDLE_LOADER = "$(TEST_HOST)";
				CODE_SIGN_STYLE = Automatic;
				CURRENT_PROJECT_VERSION = 1;
				DEVELOPMENT_TEAM = J69KB9AJDV;
				GENERATE_INFOPLIST_FILE = YES;
				IPHONEOS_DEPLOYMENT_TARGET = 15.4;
				MARKETING_VERSION = 1.0;
				PRODUCT_BUNDLE_IDENTIFIER = com.wyyksoftsinc.WyyKToDoTests;
				PRODUCT_NAME = "$(TARGET_NAME)";
				SWIFT_EMIT_LOC_STRINGS = NO;
				SWIFT_VERSION = 5.0;
				TARGETED_DEVICE_FAMILY = "1,2";
				TEST_HOST = "$(BUILT_PRODUCTS_DIR)/WyyKToDo.app/WyyKToDo";
			};
			name = Debug;
		};
		CE2A2200281FE1410092B85F /* Release */ = {
			isa = XCBuildConfiguration;
			buildSettings = {
				ALWAYS_EMBED_SWIFT_STANDARD_LIBRARIES = YES;
				BUNDLE_LOADER = "$(TEST_HOST)";
				CODE_SIGN_STYLE = Automatic;
				CURRENT_PROJECT_VERSION = 1;
				DEVELOPMENT_TEAM = J69KB9AJDV;
				GENERATE_INFOPLIST_FILE = YES;
				IPHONEOS_DEPLOYMENT_TARGET = 15.4;
				MARKETING_VERSION = 1.0;
				PRODUCT_BUNDLE_IDENTIFIER = com.wyyksoftsinc.WyyKToDoTests;
				PRODUCT_NAME = "$(TARGET_NAME)";
				SWIFT_EMIT_LOC_STRINGS = NO;
				SWIFT_VERSION = 5.0;
				TARGETED_DEVICE_FAMILY = "1,2";
				TEST_HOST = "$(BUILT_PRODUCTS_DIR)/WyyKToDo.app/WyyKToDo";
			};
			name = Release;
		};
		CE2A2202281FE1410092B85F /* Debug */ = {
			isa = XCBuildConfiguration;
			buildSettings = {
				ALWAYS_EMBED_SWIFT_STANDARD_LIBRARIES = YES;
				CODE_SIGN_STYLE = Automatic;
				CURRENT_PROJECT_VERSION = 1;
				DEVELOPMENT_TEAM = J69KB9AJDV;
				GENERATE_INFOPLIST_FILE = YES;
				MARKETING_VERSION = 1.0;
				PRODUCT_BUNDLE_IDENTIFIER = com.wyyksoftsinc.WyyKToDoUITests;
				PRODUCT_NAME = "$(TARGET_NAME)";
				SWIFT_EMIT_LOC_STRINGS = NO;
				SWIFT_VERSION = 5.0;
				TARGETED_DEVICE_FAMILY = "1,2";
				TEST_TARGET_NAME = WyyKToDo;
			};
			name = Debug;
		};
		CE2A2203281FE1410092B85F /* Release */ = {
			isa = XCBuildConfiguration;
			buildSettings = {
				ALWAYS_EMBED_SWIFT_STANDARD_LIBRARIES = YES;
				CODE_SIGN_STYLE = Automatic;
				CURRENT_PROJECT_VERSION = 1;
				DEVELOPMENT_TEAM = J69KB9AJDV;
				GENERATE_INFOPLIST_FILE = YES;
				MARKETING_VERSION = 1.0;
				PRODUCT_BUNDLE_IDENTIFIER = com.wyyksoftsinc.WyyKToDoUITests;
				PRODUCT_NAME = "$(TARGET_NAME)";
				SWIFT_EMIT_LOC_STRINGS = NO;
				SWIFT_VERSION = 5.0;
				TARGETED_DEVICE_FAMILY = "1,2";
				TEST_TARGET_NAME = WyyKToDo;
			};
			name = Release;
		};
/* End XCBuildConfiguration section */

/* Begin XCConfigurationList section */
		CE2A21CD281FE1390092B85F /* Build configuration list for PBXProject "WyyKToDo" */ = {
			isa = XCConfigurationList;
			buildConfigurations = (
				CE2A21F9281FE1410092B85F /* Debug */,
				CE2A21FA281FE1410092B85F /* Release */,
			);
			defaultConfigurationIsVisible = 0;
			defaultConfigurationName = Release;
		};
		CE2A21FB281FE1410092B85F /* Build configuration list for PBXNativeTarget "WyyKToDo" */ = {
			isa = XCConfigurationList;
			buildConfigurations = (
				CE2A21FC281FE1410092B85F /* Debug */,
				CE2A21FD281FE1410092B85F /* Release */,
			);
			defaultConfigurationIsVisible = 0;
			defaultConfigurationName = Release;
		};
		CE2A21FE281FE1410092B85F /* Build configuration list for PBXNativeTarget "WyyKToDoTests" */ = {
			isa = XCConfigurationList;
			buildConfigurations = (
				CE2A21FF281FE1410092B85F /* Debug */,
				CE2A2200281FE1410092B85F /* Release */,
			);
			defaultConfigurationIsVisible = 0;
			defaultConfigurationName = Release;
		};
		CE2A2201281FE1410092B85F /* Build configuration list for PBXNativeTarget "WyyKToDoUITests" */ = {
			isa = XCConfigurationList;
			buildConfigurations = (
				CE2A2202281FE1410092B85F /* Debug */,
				CE2A2203281FE1410092B85F /* Release */,
			);
			defaultConfigurationIsVisible = 0;
			defaultConfigurationName = Release;
		};
/* End XCConfigurationList section */

/* Begin XCVersionGroup section */
		CE2A21E0281FE1410092B85F /* WyyKToDo.xcdatamodeld */ = {
			isa = XCVersionGroup;
			children = (
				CE2A21E1281FE1410092B85F /* WyyKToDo.xcdatamodel */,
			);
			currentVersion = CE2A21E1281FE1410092B85F /* WyyKToDo.xcdatamodel */;
			path = WyyKToDo.xcdatamodeld;
			sourceTree = "<group>";
			versionGroupType = wrapper.xcdatamodel;
		};
/* End XCVersionGroup section */
	};
	rootObject = CE2A21CA281FE1390092B85F /* Project object */;
}
